<?xml version="1.0" encoding="utf-8"?>
<Project ToolsVersion="4.0" xmlns="http://schemas.microsoft.com/developer/msbuild/2003">
  <ItemGroup>
    <Filter Include="Source Files">
      <UniqueIdentifier>{4FC737F1-C7A5-4376-A066-2A32D752A2FF}</UniqueIdentifier>
      <Extensions>cpp;c;cc;cxx;def;odl;idl;hpj;bat;asm;asmx</Extensions>
    </Filter>
    <Filter Include="Header Files">
      <UniqueIdentifier>{93995380-89BD-4b04-88EB-625FBE52EBFB}</UniqueIdentifier>
      <Extensions>h;hh;hpp;hxx;hm;inl;inc;xsd</Extensions>
    </Filter>
    <Filter Include="Resource Files">
      <UniqueIdentifier>{67DA6AB6-F800-4c08-8B7A-83BB121AAD01}</UniqueIdentifier>
      <Extensions>qrc;rc;ico;cur;bmp;dlg;rc2;rct;bin;rgs;gif;jpg;jpeg;jpe;resx;tiff;tif;png;wav;mfcribbon-ms</Extensions>
    </Filter>
    <Filter Include="Form Files">
      <UniqueIdentifier>{99349809-55BA-4b9d-BF79-8FDBB0286EB3}</UniqueIdentifier>
      <Extensions>ui</Extensions>
    </Filter>
    <Filter Include="Translation Files">
      <UniqueIdentifier>{639EADAA-A684-42e4-A9AD-28FC9BCB8F7C}</UniqueIdentifier>
      <Extensions>ts</Extensions>
    </Filter>
    <Filter Include="Source Files\Img Process Files">
      <UniqueIdentifier>{0c9e5247-6d5f-4f6f-893a-0e71983a2729}</UniqueIdentifier>
    </Filter>
    <Filter Include="Source Files\Img Process Files\model">
      <UniqueIdentifier>{d48f46ec-9a0b-4445-b26d-4b58e84daeb8}</UniqueIdentifier>
    </Filter>
    <Filter Include="Source Files\Img Process Files\core">
      <UniqueIdentifier>{c15e6973-214d-4dc9-b837-6b9c92c56d64}</UniqueIdentifier>
    </Filter>
    <Filter Include="Source Files\Img Process Files\utils">
      <UniqueIdentifier>{3054ce1c-6185-4d40-b6b4-1a5c59bf34ed}</UniqueIdentifier>
    </Filter>
    <Filter Include="Source Files\Img Process Files\core\parallel_line">
      <UniqueIdentifier>{4ed24804-224d-4f40-883b-447a201d853d}</UniqueIdentifier>
    </Filter>
  </ItemGroup>
  <ItemGroup>
    <QtRcc Include="CT_application.qrc">
      <Filter>Resource Files</Filter>
    </QtRcc>
    <QtUic Include="CT_application.ui">
      <Filter>Form Files</Filter>
    </QtUic>
    <QtMoc Include="CT_application.h">
      <Filter>Header Files</Filter>
    </QtMoc>
    <ClCompile Include="CT_application.cpp">
      <Filter>Source Files</Filter>
    </ClCompile>
    <None Include="CT_application.ico">
      <Filter>Resource Files</Filter>
    </None>
    <ResourceCompile Include="CT_application.rc">
      <Filter>Resource Files</Filter>
    </ResourceCompile>
    <ClInclude Include="stdafx.h">
      <Filter>Header Files</Filter>
    </ClInclude>
    <ClCompile Include="stdafx.cpp">
      <Filter>Source Files</Filter>
    </ClCompile>
  </ItemGroup>
  <ItemGroup>
    <ClCompile Include="main.cpp">
      <Filter>Source Files</Filter>
    </ClCompile>
    <ClCompile Include="shepplogan.cpp">
      <Filter>Source Files\Img Process Files\model</Filter>
    </ClCompile>
    <ClCompile Include="filter_parallel_line.cpp">
      <Filter>Source Files\Img Process Files\core\parallel_line</Filter>
    </ClCompile>
    <ClCompile Include="radon_parallel_line.cpp">
      <Filter>Source Files\Img Process Files\core\parallel_line</Filter>
    </ClCompile>
    <ClCompile Include="basic_radon_functions.cpp">
      <Filter>Source Files\Img Process Files\core</Filter>
    </ClCompile>
    <ClCompile Include="basic_display_functions.cpp">
      <Filter>Source Files\Img Process Files\utils</Filter>
    </ClCompile>
    <ClCompile Include="basic_functions.cpp">
      <Filter>Source Files\Img Process Files\utils</Filter>
    </ClCompile>
  </ItemGroup>
  <ItemGroup>
    <ClInclude Include="basic_display_functions.h">
      <Filter>Header Files</Filter>
    </ClInclude>
    <ClInclude Include="basic_functions.h">
      <Filter>Header Files</Filter>
    </ClInclude>
    <ClInclude Include="basic_radon_functions.h">
      <Filter>Header Files</Filter>
    </ClInclude>
    <ClInclude Include="filter_parallel_line.h">
      <Filter>Header Files</Filter>
    </ClInclude>
    <ClInclude Include="radon_parallel_line.h">
      <Filter>Header Files</Filter>
    </ClInclude>
    <ClInclude Include="shepplogan.h">
      <Filter>Header Files</Filter>
    </ClInclude>
  </ItemGroup>
</Project>