
Microsoft Visual Studio Solution File, Format Version 12.00
# Visual Studio Version 16
VisualStudioVersion = 16.0.30225.117
MinimumVisualStudioVersion = 10.0.40219.1
Project("{8BC9CEB8-8B4A-11D0-8D11-00A0C91BC942}") = "CT_application", "CT_application\CT_application.vcxproj", "{D504D91D-4160-4310-85F5-FA75228083D6}"
EndProject
Global
	GlobalSection(SolutionConfigurationPlatforms) = preSolution
		Debug|x64 = Debug|x64
		Release|x64 = Release|x64
	EndGlobalSection
	GlobalSection(ProjectConfigurationPlatforms) = postSolution
		{D504D91D-4160-4310-85F5-FA75228083D6}.Debug|x64.ActiveCfg = Debug|x64
		{D504D91D-4160-4310-85F5-FA75228083D6}.Debug|x64.Build.0 = Debug|x64
		{D504D91D-4160-4310-85F5-FA75228083D6}.Release|x64.ActiveCfg = Release|x64
		{D504D91D-4160-4310-85F5-FA75228083D6}.Release|x64.Build.0 = Release|x64
	EndGlobalSection
	GlobalSection(SolutionProperties) = preSolution
		HideSolutionNode = FALSE
	EndGlobalSection
	GlobalSection(ExtensibilityGlobals) = postSolution
		SolutionGuid = {5F5A890F-264D-44FB-AB56-83EC5BF1567A}
	EndGlobalSection
EndGlobal
